
Microsoft Visual Studio Solution File, Format Version 12.00
# Visual Studio Version 17
VisualStudioVersion = 17.9.34902.65
MinimumVisualStudioVersion = 10.0.40219.1
Project("{9A19103F-16F7-4668-BE54-9A1E7A4F7556}") = "CRUDApplication", "CRUDApplication\CRUDApplication.csproj", "{F30D5681-5D55-43CF-84C3-80616F3AECD0}"
EndProject
Project("{9A19103F-16F7-4668-BE54-9A1E7A4F7556}") = "Application-Tests", "Application-Tests\Application-Tests.csproj", "{5DE154D0-B489-476B-9543-9A471016911E}"
EndProject
Project("{9A19103F-16F7-4668-BE54-9A1E7A4F7556}") = "Entities", "Entities\Entities.csproj", "{EB3700DC-6833-46FB-A4EE-7D2F19ADEB91}"
EndProject
Project("{9A19103F-16F7-4668-BE54-9A1E7A4F7556}") = "ServiceContracts", "ServiceContracts\ServiceContracts.csproj", "{75DF1445-5FD7-4322-8DFF-B090DC6D9E24}"
EndProject
Project("{9A19103F-16F7-4668-BE54-9A1E7A4F7556}") = "Services", "Services\Services.csproj", "{CF54FF85-E650-4536-9EB3-AB24CE57688A}"
EndProject
Global
	GlobalSection(SolutionConfigurationPlatforms) = preSolution
		Debug|Any CPU = Debug|Any CPU
		Release|Any CPU = Release|Any CPU
	EndGlobalSection
	GlobalSection(ProjectConfigurationPlatforms) = postSolution
		{F30D5681-5D55-43CF-84C3-80616F3AECD0}.Debug|Any CPU.ActiveCfg = Debug|Any CPU
		{F30D5681-5D55-43CF-84C3-80616F3AECD0}.Debug|Any CPU.Build.0 = Debug|Any CPU
		{F30D5681-5D55-43CF-84C3-80616F3AECD0}.Release|Any CPU.ActiveCfg = Release|Any CPU
		{F30D5681-5D55-43CF-84C3-80616F3AECD0}.Release|Any CPU.Build.0 = Release|Any CPU
		{5DE154D0-B489-476B-9543-9A471016911E}.Debug|Any CPU.ActiveCfg = Debug|Any CPU
		{5DE154D0-B489-476B-9543-9A471016911E}.Debug|Any CPU.Build.0 = Debug|Any CPU
		{5DE154D0-B489-476B-9543-9A471016911E}.Release|Any CPU.ActiveCfg = Release|Any CPU
		{5DE154D0-B489-476B-9543-9A471016911E}.Release|Any CPU.Build.0 = Release|Any CPU
		{EB3700DC-6833-46FB-A4EE-7D2F19ADEB91}.Debug|Any CPU.ActiveCfg = Debug|Any CPU
		{EB3700DC-6833-46FB-A4EE-7D2F19ADEB91}.Debug|Any CPU.Build.0 = Debug|Any CPU
		{EB3700DC-6833-46FB-A4EE-7D2F19ADEB91}.Release|Any CPU.ActiveCfg = Release|Any CPU
		{EB3700DC-6833-46FB-A4EE-7D2F19ADEB91}.Release|Any CPU.Build.0 = Release|Any CPU
		{75DF1445-5FD7-4322-8DFF-B090DC6D9E24}.Debug|Any CPU.ActiveCfg = Debug|Any CPU
		{75DF1445-5FD7-4322-8DFF-B090DC6D9E24}.Debug|Any CPU.Build.0 = Debug|Any CPU
		{75DF1445-5FD7-4322-8DFF-B090DC6D9E24}.Release|Any CPU.ActiveCfg = Release|Any CPU
		{75DF1445-5FD7-4322-8DFF-B090DC6D9E24}.Release|Any CPU.Build.0 = Release|Any CPU
		{CF54FF85-E650-4536-9EB3-AB24CE57688A}.Debug|Any CPU.ActiveCfg = Debug|Any CPU
		{CF54FF85-E650-4536-9EB3-AB24CE57688A}.Debug|Any CPU.Build.0 = Debug|Any CPU
		{CF54FF85-E650-4536-9EB3-AB24CE57688A}.Release|Any CPU.ActiveCfg = Release|Any CPU
		{CF54FF85-E650-4536-9EB3-AB24CE57688A}.Release|Any CPU.Build.0 = Release|Any CPU
	EndGlobalSection
	GlobalSection(SolutionProperties) = preSolution
		HideSolutionNode = FALSE
	EndGlobalSection
	GlobalSection(ExtensibilityGlobals) = postSolution
		SolutionGuid = {ABDEA5DE-C161-4471-BD45-704EE5F995C2}
	EndGlobalSection
EndGlobal
